
Microsoft Visual Studio Solution File, Format Version 12.00
# Visual Studio Version 16
VisualStudioVersion = 16.0.31729.503
MinimumVisualStudioVersion = 10.0.40219.1
Project("{2150E333-8FDC-42A3-9474-1A3956D46DE8}") = "Microservices", "Microservices", "{2074C1C8-00B7-48BA-9051-5514382BA3F2}"
EndProject
Project("{9A19103F-16F7-4668-BE54-9A1E7A4F7556}") = "StockMicroservice", "StockService\StockMicroservice.csproj", "{7B7FB965-2496-4E52-8230-8E270B1FDB70}"
EndProject
Project("{9A19103F-16F7-4668-BE54-9A1E7A4F7556}") = "CompanyMicroservice", "CompanyService\CompanyMicroservice.csproj", "{F2F84A9E-280E-44EB-9D69-151FEC97CD9C}"
EndProject
Project("{9A19103F-16F7-4668-BE54-9A1E7A4F7556}") = "OcelotApiGateway", "OcelotApiGateway\OcelotApiGateway.csproj", "{057E517D-DE49-45D6-816A-3CAE0F0E8588}"
EndProject
Project("{9A19103F-16F7-4668-BE54-9A1E7A4F7556}") = "StockReport", "StockReportService\StockReport.csproj", "{98EF3738-30A3-4A41-91C9-127FD8CEC66A}"
EndProject
Global
	GlobalSection(SolutionConfigurationPlatforms) = preSolution
		Debug|Any CPU = Debug|Any CPU
		Release|Any CPU = Release|Any CPU
	EndGlobalSection
	GlobalSection(ProjectConfigurationPlatforms) = postSolution
		{7B7FB965-2496-4E52-8230-8E270B1FDB70}.Debug|Any CPU.ActiveCfg = Debug|Any CPU
		{7B7FB965-2496-4E52-8230-8E270B1FDB70}.Debug|Any CPU.Build.0 = Debug|Any CPU
		{7B7FB965-2496-4E52-8230-8E270B1FDB70}.Release|Any CPU.ActiveCfg = Release|Any CPU
		{7B7FB965-2496-4E52-8230-8E270B1FDB70}.Release|Any CPU.Build.0 = Release|Any CPU
		{F2F84A9E-280E-44EB-9D69-151FEC97CD9C}.Debug|Any CPU.ActiveCfg = Debug|Any CPU
		{F2F84A9E-280E-44EB-9D69-151FEC97CD9C}.Debug|Any CPU.Build.0 = Debug|Any CPU
		{F2F84A9E-280E-44EB-9D69-151FEC97CD9C}.Release|Any CPU.ActiveCfg = Release|Any CPU
		{F2F84A9E-280E-44EB-9D69-151FEC97CD9C}.Release|Any CPU.Build.0 = Release|Any CPU
		{057E517D-DE49-45D6-816A-3CAE0F0E8588}.Debug|Any CPU.ActiveCfg = Debug|Any CPU
		{057E517D-DE49-45D6-816A-3CAE0F0E8588}.Debug|Any CPU.Build.0 = Debug|Any CPU
		{057E517D-DE49-45D6-816A-3CAE0F0E8588}.Release|Any CPU.ActiveCfg = Release|Any CPU
		{057E517D-DE49-45D6-816A-3CAE0F0E8588}.Release|Any CPU.Build.0 = Release|Any CPU
		{98EF3738-30A3-4A41-91C9-127FD8CEC66A}.Debug|Any CPU.ActiveCfg = Debug|Any CPU
		{98EF3738-30A3-4A41-91C9-127FD8CEC66A}.Debug|Any CPU.Build.0 = Debug|Any CPU
		{98EF3738-30A3-4A41-91C9-127FD8CEC66A}.Release|Any CPU.ActiveCfg = Release|Any CPU
		{98EF3738-30A3-4A41-91C9-127FD8CEC66A}.Release|Any CPU.Build.0 = Release|Any CPU
	EndGlobalSection
	GlobalSection(SolutionProperties) = preSolution
		HideSolutionNode = FALSE
	EndGlobalSection
	GlobalSection(NestedProjects) = preSolution
		{7B7FB965-2496-4E52-8230-8E270B1FDB70} = {2074C1C8-00B7-48BA-9051-5514382BA3F2}
		{F2F84A9E-280E-44EB-9D69-151FEC97CD9C} = {2074C1C8-00B7-48BA-9051-5514382BA3F2}
		{98EF3738-30A3-4A41-91C9-127FD8CEC66A} = {2074C1C8-00B7-48BA-9051-5514382BA3F2}
	EndGlobalSection
	GlobalSection(ExtensibilityGlobals) = postSolution
		SolutionGuid = {9FC1E25E-BBD6-4633-AB0D-83DE025BB471}
	EndGlobalSection
EndGlobal
