
Microsoft Visual Studio Solution File, Format Version 12.00
# Visual Studio Version 16
VisualStudioVersion = 16.0.30907.101
MinimumVisualStudioVersion = 10.0.40219.1
Project("{9A19103F-16F7-4668-BE54-9A1E7A4F7556}") = "BankManagementMicroservice", "BankManagementMicroservice.csproj", "{B9FFC1CA-11D3-490F-A8A5-936120F95251}"
EndProject
Global
	GlobalSection(SolutionConfigurationPlatforms) = preSolution
		Debug|Any CPU = Debug|Any CPU
		Release|Any CPU = Release|Any CPU
	EndGlobalSection
	GlobalSection(ProjectConfigurationPlatforms) = postSolution
		{B9FFC1CA-11D3-490F-A8A5-936120F95251}.Debug|Any CPU.ActiveCfg = Debug|Any CPU
		{B9FFC1CA-11D3-490F-A8A5-936120F95251}.Debug|Any CPU.Build.0 = Debug|Any CPU
		{B9FFC1CA-11D3-490F-A8A5-936120F95251}.Release|Any CPU.ActiveCfg = Release|Any CPU
		{B9FFC1CA-11D3-490F-A8A5-936120F95251}.Release|Any CPU.Build.0 = Release|Any CPU
	EndGlobalSection
	GlobalSection(SolutionProperties) = preSolution
		HideSolutionNode = FALSE
	EndGlobalSection
	GlobalSection(ExtensibilityGlobals) = postSolution
		SolutionGuid = {60951BF4-4C22-4BD6-8BDC-0DE7FB76D334}
	EndGlobalSection
EndGlobal
