
Microsoft Visual Studio Solution File, Format Version 12.00
# Visual Studio Version 16
VisualStudioVersion = 16.0.30907.101
MinimumVisualStudioVersion = 10.0.40219.1
Project("{9A19103F-16F7-4668-BE54-9A1E7A4F7556}") = "BankManagementMicroservice", "BankManagementMicroservice.csproj", "{B9FFC1CA-11D3-490F-A8A5-936120F95251}"
EndProject
Project("{FAE04EC0-301F-11D3-BF4B-00C04F79EFBC}") = "BankMangementMicroservice.Data", "..\BankMangementMicroservice.Data\BankMangementMicroservice.Data.csproj", "{F2A64D4C-F6DF-4258-A12B-E2A0727F057B}"
EndProject
Project("{FAE04EC0-301F-11D3-BF4B-00C04F79EFBC}") = "BankMangementMicroservice.Service", "..\BankMangementMicroservice.Service\BankMangementMicroservice.Service.csproj", "{9E36A7AE-657C-4A61-8437-4B3D992767A9}"
EndProject
Global
	GlobalSection(SolutionConfigurationPlatforms) = preSolution
		Debug|Any CPU = Debug|Any CPU
		Release|Any CPU = Release|Any CPU
	EndGlobalSection
	GlobalSection(ProjectConfigurationPlatforms) = postSolution
		{B9FFC1CA-11D3-490F-A8A5-936120F95251}.Debug|Any CPU.ActiveCfg = Debug|Any CPU
		{B9FFC1CA-11D3-490F-A8A5-936120F95251}.Debug|Any CPU.Build.0 = Debug|Any CPU
		{B9FFC1CA-11D3-490F-A8A5-936120F95251}.Release|Any CPU.ActiveCfg = Release|Any CPU
		{B9FFC1CA-11D3-490F-A8A5-936120F95251}.Release|Any CPU.Build.0 = Release|Any CPU
		{F2A64D4C-F6DF-4258-A12B-E2A0727F057B}.Debug|Any CPU.ActiveCfg = Debug|Any CPU
		{F2A64D4C-F6DF-4258-A12B-E2A0727F057B}.Debug|Any CPU.Build.0 = Debug|Any CPU
		{F2A64D4C-F6DF-4258-A12B-E2A0727F057B}.Release|Any CPU.ActiveCfg = Release|Any CPU
		{F2A64D4C-F6DF-4258-A12B-E2A0727F057B}.Release|Any CPU.Build.0 = Release|Any CPU
		{9E36A7AE-657C-4A61-8437-4B3D992767A9}.Debug|Any CPU.ActiveCfg = Debug|Any CPU
		{9E36A7AE-657C-4A61-8437-4B3D992767A9}.Debug|Any CPU.Build.0 = Debug|Any CPU
		{9E36A7AE-657C-4A61-8437-4B3D992767A9}.Release|Any CPU.ActiveCfg = Release|Any CPU
		{9E36A7AE-657C-4A61-8437-4B3D992767A9}.Release|Any CPU.Build.0 = Release|Any CPU
	EndGlobalSection
	GlobalSection(SolutionProperties) = preSolution
		HideSolutionNode = FALSE
	EndGlobalSection
	GlobalSection(ExtensibilityGlobals) = postSolution
		SolutionGuid = {60951BF4-4C22-4BD6-8BDC-0DE7FB76D334}
	EndGlobalSection
EndGlobal
